{
  "meteor": {},
  "dependencies": {
    "basePackages": {
      "semantic-ui": {},
      "iron-router": {},
      "marked": {},
      "parsleyjs-v2": {},
      "highlightjs": {},
      "iron-router-progress": {},
      "urlify2": {},
      "rssfeed": {},
      "moment": {},
      "gravatar": {}
    },
    "packages": {
      "semantic-ui": {
        "git": "https://github.com/nooitaf/meteor-semantic-ui.git",
        "tag": "v0.19.0",
        "commit": "23ddf7b58db125cc33d0d95d58fcac940f262481"
      },
      "iron-router": {
        "git": "https://github.com/EventedMind/iron-router.git",
        "tag": "v0.7.1",
        "commit": "d1ffb3f06ea4c112132b030f2eb1a70b81675ecb"
      },
      "marked": {
        "git": "https://github.com/chuangbo/meteor-marked.git",
        "tag": "v0.3.2",
        "commit": "850f63135cdeb05344c420bd586fd8af9cab75df"
      },
      "parsleyjs-v2": {
        "git": "https://github.com/Sewdn/meteor-parsleyjsv2.git",
        "tag": "v0.1.0",
        "commit": "8f3c6e34f2666eabe54f871f73f24a2b5a4580b0"
      },
      "highlightjs": {
        "git": "https://github.com/Sewdn/meteor-highlightjs",
        "tag": "v0.1.0",
        "commit": "35405f12afdf7f42f82a57a6045dcf00b92eb2d0"
      },
      "iron-router-progress": {
        "git": "https://github.com/Multiply/iron-router-progress.git",
        "tag": "v0.4.1",
        "commit": "496fcda9a6ec352b4733725f60c6f280250c3541"
      },
      "urlify2": {
        "git": "https://github.com/peerlibrary/meteor-urlify2.git",
        "tag": "v0.2.2",
        "commit": "5d33ec1eaa1f815a56a0b70c0c9eddc4aed4c33e"
      },
      "rssfeed": {
        "git": "https://github.com/raix/Meteor-rssfeed.git",
        "tag": "v0.0.4",
        "commit": "e592cda10c553209491aa08c74096fc4ddefe3d7"
      },
      "moment": {
        "git": "https://github.com/acreeger/meteor-moment.git",
        "tag": "v2.6.0",
        "commit": "26156df681750fd6e6ed77043eef32b6653ebbdf"
      },
      "gravatar": {
        "git": "https://github.com/tmeasday/meteor-gravatar.git",
        "tag": "v0.0.4",
        "commit": "d1052ff4401725c23fb199c0e0a36e29b926bc22"
      },
      "blaze-layout": {
        "git": "https://github.com/EventedMind/blaze-layout.git",
        "tag": "v0.2.4",
        "commit": "b40e9b0612329288d75cf52ad14a7da64bb8618f"
      },
      "crypto-md5": {
        "git": "https://github.com/oortcloud/meteor-crypto-md5.git",
        "tag": "v3.1.2.2",
        "commit": "75bbb3eeace302122d3554a6212a6fe92553fa18"
      },
      "crypto-base": {
        "git": "https://github.com/oortcloud/meteor-crypto-base.git",
        "tag": "v3.1.2.1",
        "commit": "5df8d82a0595553415bbfae2930c6ecbeece5794"
      }
    }
  }
}
